{
  "version": 4,
  "terraform_version": "1.9.4",
  "serial": 37,
  "lineage": "6d9ae53f-043f-0c85-8b33-99efbd8e4479",
  "outputs": {
    "private_key_path": {
      "value": "ec2-dev-250-key.pem",
      "type": "string"
    }
  },
  "resources": [
    {
      "mode": "managed",
      "type": "aws_eip",
      "name": "dev-eip",
      "provider": "provider[\"registry.terraform.io/hashicorp/aws\"]",
      "instances": [
        {
          "schema_version": 0,
          "attributes": {
            "address": null,
            "allocation_id": "eipalloc-0f11fdc63c1c6029b",
            "arn": "arn:aws:ec2:us-east-1:737795138174:elastic-ip/eipalloc-0f11fdc63c1c6029b",
            "associate_with_private_ip": null,
            "association_id": "eipassoc-005a02bc6be74ea12",
            "carrier_ip": "",
            "customer_owned_ip": "",
            "customer_owned_ipv4_pool": "",
            "domain": "vpc",
            "id": "eipalloc-0f11fdc63c1c6029b",
            "instance": "i-0ff97a1774754a9d5",
            "ipam_pool_id": null,
            "network_border_group": "us-east-1",
            "network_interface": "eni-0589c93c3cde2eb61",
            "private_dns": "ip-10-250-1-181.ec2.internal",
            "private_ip": "10.250.1.181",
            "ptr_record": "",
            "public_dns": "ec2-34-197-198-40.compute-1.amazonaws.com",
            "public_ip": "34.197.198.40",
            "public_ipv4_pool": "amazon",
            "tags": {
              "Name": "dev-ec2-elastic-IP"
            },
            "tags_all": {
              "Name": "dev-ec2-elastic-IP"
            },
            "timeouts": null,
            "vpc": true
          },
          "sensitive_attributes": [],
          "private": "eyJlMmJmYjczMC1lY2FhLTExZTYtOGY4OC0zNDM2M2JjN2M0YzAiOnsiZGVsZXRlIjoxODAwMDAwMDAwMDAsInJlYWQiOjkwMDAwMDAwMDAwMCwidXBkYXRlIjozMDAwMDAwMDAwMDB9fQ==",
          "dependencies": [
            "aws_instance.vm",
            "aws_internet_gateway.dev-igway",
            "aws_security_group.dev-sg",
            "aws_subnet.mysubnet",
            "aws_vpc.myvpc"
          ]
        }
      ]
    },
    {
      "mode": "managed",
      "type": "aws_instance",
      "name": "vm",
      "provider": "provider[\"registry.terraform.io/hashicorp/aws\"]",
      "instances": [
        {
          "schema_version": 1,
          "attributes": {
            "ami": "ami-0866a3c8686eaeeba",
            "arn": "arn:aws:ec2:us-east-1:737795138174:instance/i-0ff97a1774754a9d5",
            "associate_public_ip_address": true,
            "availability_zone": "us-east-1a",
            "capacity_reservation_specification": [
              {
                "capacity_reservation_preference": "open",
                "capacity_reservation_target": []
              }
            ],
            "cpu_core_count": 1,
            "cpu_options": [
              {
                "amd_sev_snp": "",
                "core_count": 1,
                "threads_per_core": 1
              }
            ],
            "cpu_threads_per_core": 1,
            "credit_specification": [
              {
                "cpu_credits": "standard"
              }
            ],
            "disable_api_stop": false,
            "disable_api_termination": false,
            "ebs_block_device": [],
            "ebs_optimized": false,
            "enclave_options": [
              {
                "enabled": false
              }
            ],
            "ephemeral_block_device": [],
            "get_password_data": false,
            "hibernation": false,
            "host_id": "",
            "host_resource_group_arn": null,
            "iam_instance_profile": "",
            "id": "i-0ff97a1774754a9d5",
            "instance_initiated_shutdown_behavior": "stop",
            "instance_lifecycle": "",
            "instance_market_options": [],
            "instance_state": "running",
            "instance_type": "t2.micro",
            "ipv6_address_count": 0,
            "ipv6_addresses": [],
            "key_name": "ec2-dev-250-key",
            "launch_template": [],
            "maintenance_options": [
              {
                "auto_recovery": "default"
              }
            ],
            "metadata_options": [
              {
                "http_endpoint": "enabled",
                "http_protocol_ipv6": "disabled",
                "http_put_response_hop_limit": 2,
                "http_tokens": "required",
                "instance_metadata_tags": "disabled"
              }
            ],
            "monitoring": false,
            "network_interface": [],
            "outpost_arn": "",
            "password_data": "",
            "placement_group": "",
            "placement_partition_number": 0,
            "primary_network_interface_id": "eni-0589c93c3cde2eb61",
            "private_dns": "ip-10-250-1-181.ec2.internal",
            "private_dns_name_options": [
              {
                "enable_resource_name_dns_a_record": false,
                "enable_resource_name_dns_aaaa_record": false,
                "hostname_type": "ip-name"
              }
            ],
            "private_ip": "10.250.1.181",
            "public_dns": "",
            "public_ip": "44.204.198.177",
            "root_block_device": [
              {
                "delete_on_termination": true,
                "device_name": "/dev/sda1",
                "encrypted": false,
                "iops": 3000,
                "kms_key_id": "",
                "tags": {},
                "tags_all": {},
                "throughput": 125,
                "volume_id": "vol-0fbbb3721cec7f998",
                "volume_size": 8,
                "volume_type": "gp3"
              }
            ],
            "secondary_private_ips": [],
            "security_groups": [],
            "source_dest_check": true,
            "spot_instance_request_id": "",
            "subnet_id": "subnet-07aea783b11326b5f",
            "tags": {
              "Name": "Myvm7"
            },
            "tags_all": {
              "Name": "Myvm7"
            },
            "tenancy": "default",
            "timeouts": null,
            "user_data": "931550cc8fe1d2c8d5b62581eda21239035f7f98",
            "user_data_base64": null,
            "user_data_replace_on_change": false,
            "volume_tags": null,
            "vpc_security_group_ids": [
              "sg-0a7c7d6bb86ea00fb"
            ]
          },
          "sensitive_attributes": [],
          "private": "eyJlMmJmYjczMC1lY2FhLTExZTYtOGY4OC0zNDM2M2JjN2M0YzAiOnsiY3JlYXRlIjo2MDAwMDAwMDAwMDAsImRlbGV0ZSI6MTIwMDAwMDAwMDAwMCwicmVhZCI6OTAwMDAwMDAwMDAwLCJ1cGRhdGUiOjYwMDAwMDAwMDAwMH0sInNjaGVtYV92ZXJzaW9uIjoiMSJ9",
          "dependencies": [
            "aws_security_group.dev-sg",
            "aws_subnet.mysubnet",
            "aws_vpc.myvpc"
          ]
        }
      ]
    },
    {
      "mode": "managed",
      "type": "aws_internet_gateway",
      "name": "dev-igway",
      "provider": "provider[\"registry.terraform.io/hashicorp/aws\"]",
      "instances": [
        {
          "schema_version": 0,
          "attributes": {
            "arn": "arn:aws:ec2:us-east-1:737795138174:internet-gateway/igw-02ed033d5d72e8544",
            "id": "igw-02ed033d5d72e8544",
            "owner_id": "737795138174",
            "tags": {
              "Name": "dev-250-igateway"
            },
            "tags_all": {
              "Name": "dev-250-igateway"
            },
            "timeouts": null,
            "vpc_id": "vpc-05f8a1553a20d4032"
          },
          "sensitive_attributes": [],
          "private": "eyJlMmJmYjczMC1lY2FhLTExZTYtOGY4OC0zNDM2M2JjN2M0YzAiOnsiY3JlYXRlIjoxMjAwMDAwMDAwMDAwLCJkZWxldGUiOjEyMDAwMDAwMDAwMDAsInVwZGF0ZSI6MTIwMDAwMDAwMDAwMH19",
          "dependencies": [
            "aws_vpc.myvpc"
          ]
        }
      ]
    },
    {
      "mode": "managed",
      "type": "aws_key_pair",
      "name": "ec2_key",
      "provider": "provider[\"registry.terraform.io/hashicorp/aws\"]",
      "instances": [
        {
          "schema_version": 1,
          "attributes": {
            "arn": "arn:aws:ec2:us-east-1:737795138174:key-pair/ec2-dev-250-key",
            "fingerprint": "82:5b:e9:1d:fe:65:8d:22:14:17:39:1f:7b:29:87:da",
            "id": "ec2-dev-250-key",
            "key_name": "ec2-dev-250-key",
            "key_name_prefix": "",
            "key_pair_id": "key-0378e340565392acf",
            "key_type": "rsa",
            "public_key": "ssh-rsa AAAAB3NzaC1yc2EAAAADAQABAAABAQD5Cs9Jp02INZLPqfJPTtBMudutBx1kfTfTZ41zX/yONhgbRylrnndUaoxv8Gscmfv5NbVKSRaU9qaRSAXTB7K7J+mwznXIH8q9xYAqqNuqHOnxojU4u49owY2ZvBamuuaQEeC3NIEfHsLIwMZd8wXGNBWPO0+LRIeXr/05AHw0QnP9bx0TchgdYisZbzQa1OEBC2HbbhodUsG9jtbrZ64py1vxrP86cXPQeGNOL2s+Tokcsp4uM6MSPlRODNJYoIcpcj6arehz7zmPRQBdKa32wjij4xj7Vegnse0EHvNii1Cje8LsZvWi7lFvT2ksfNM5/iZIewh52sjp/lCm4zuL",
            "tags": {
              "Name": "ec2-dev-tls-key"
            },
            "tags_all": {
              "Name": "ec2-dev-tls-key"
            }
          },
          "sensitive_attributes": [],
          "private": "eyJzY2hlbWFfdmVyc2lvbiI6IjEifQ==",
          "dependencies": [
            "tls_private_key.devk1"
          ]
        }
      ]
    },
    {
      "mode": "managed",
      "type": "aws_route",
      "name": "dev-route",
      "provider": "provider[\"registry.terraform.io/hashicorp/aws\"]",
      "instances": [
        {
          "schema_version": 0,
          "attributes": {
            "carrier_gateway_id": "",
            "core_network_arn": "",
            "destination_cidr_block": "0.0.0.0/0",
            "destination_ipv6_cidr_block": "",
            "destination_prefix_list_id": "",
            "egress_only_gateway_id": "",
            "gateway_id": "igw-02ed033d5d72e8544",
            "id": "r-rtb-0f0a988161f1302271080289494",
            "instance_id": "",
            "instance_owner_id": "",
            "local_gateway_id": "",
            "nat_gateway_id": "",
            "network_interface_id": "",
            "origin": "CreateRoute",
            "route_table_id": "rtb-0f0a988161f130227",
            "state": "active",
            "timeouts": null,
            "transit_gateway_id": "",
            "vpc_endpoint_id": "",
            "vpc_peering_connection_id": ""
          },
          "sensitive_attributes": [],
          "private": "eyJlMmJmYjczMC1lY2FhLTExZTYtOGY4OC0zNDM2M2JjN2M0YzAiOnsiY3JlYXRlIjozMDAwMDAwMDAwMDAsImRlbGV0ZSI6MzAwMDAwMDAwMDAwLCJ1cGRhdGUiOjEyMDAwMDAwMDAwMH19",
          "dependencies": [
            "aws_internet_gateway.dev-igway",
            "aws_route_table.dev-rt",
            "aws_vpc.myvpc"
          ]
        }
      ]
    },
    {
      "mode": "managed",
      "type": "aws_route_table",
      "name": "dev-rt",
      "provider": "provider[\"registry.terraform.io/hashicorp/aws\"]",
      "instances": [
        {
          "schema_version": 0,
          "attributes": {
            "arn": "arn:aws:ec2:us-east-1:737795138174:route-table/rtb-0f0a988161f130227",
            "id": "rtb-0f0a988161f130227",
            "owner_id": "737795138174",
            "propagating_vgws": [],
            "route": [],
            "tags": null,
            "tags_all": {},
            "timeouts": null,
            "vpc_id": "vpc-05f8a1553a20d4032"
          },
          "sensitive_attributes": [],
          "private": "eyJlMmJmYjczMC1lY2FhLTExZTYtOGY4OC0zNDM2M2JjN2M0YzAiOnsiY3JlYXRlIjozMDAwMDAwMDAwMDAsImRlbGV0ZSI6MzAwMDAwMDAwMDAwLCJ1cGRhdGUiOjEyMDAwMDAwMDAwMH19",
          "dependencies": [
            "aws_vpc.myvpc"
          ]
        }
      ]
    },
    {
      "mode": "managed",
      "type": "aws_route_table_association",
      "name": "dev-rt-assoc",
      "provider": "provider[\"registry.terraform.io/hashicorp/aws\"]",
      "instances": [
        {
          "schema_version": 0,
          "attributes": {
            "gateway_id": "",
            "id": "rtbassoc-080430f11dc496447",
            "route_table_id": "rtb-0f0a988161f130227",
            "subnet_id": "subnet-07aea783b11326b5f",
            "timeouts": null
          },
          "sensitive_attributes": [],
          "private": "eyJlMmJmYjczMC1lY2FhLTExZTYtOGY4OC0zNDM2M2JjN2M0YzAiOnsiY3JlYXRlIjozMDAwMDAwMDAwMDAsImRlbGV0ZSI6MzAwMDAwMDAwMDAwLCJ1cGRhdGUiOjEyMDAwMDAwMDAwMH19",
          "dependencies": [
            "aws_route_table.dev-rt",
            "aws_subnet.mysubnet",
            "aws_vpc.myvpc"
          ]
        }
      ]
    },
    {
      "mode": "managed",
      "type": "aws_security_group",
      "name": "dev-sg",
      "provider": "provider[\"registry.terraform.io/hashicorp/aws\"]",
      "instances": [
        {
          "schema_version": 1,
          "attributes": {
            "arn": "arn:aws:ec2:us-east-1:737795138174:security-group/sg-0a7c7d6bb86ea00fb",
            "description": "Dev web server traffic allowed ssh \u0026 http",
            "egress": [],
            "id": "sg-0a7c7d6bb86ea00fb",
            "ingress": [],
            "name": "dev-web-ssh-sg",
            "name_prefix": "",
            "owner_id": "737795138174",
            "revoke_rules_on_delete": false,
            "tags": null,
            "tags_all": {},
            "timeouts": null,
            "vpc_id": "vpc-05f8a1553a20d4032"
          },
          "sensitive_attributes": [],
          "private": "eyJlMmJmYjczMC1lY2FhLTExZTYtOGY4OC0zNDM2M2JjN2M0YzAiOnsiY3JlYXRlIjo2MDAwMDAwMDAwMDAsImRlbGV0ZSI6OTAwMDAwMDAwMDAwfSwic2NoZW1hX3ZlcnNpb24iOiIxIn0=",
          "dependencies": [
            "aws_vpc.myvpc"
          ]
        }
      ]
    },
    {
      "mode": "managed",
      "type": "aws_subnet",
      "name": "mysubnet",
      "provider": "provider[\"registry.terraform.io/hashicorp/aws\"]",
      "instances": [
        {
          "schema_version": 1,
          "attributes": {
            "arn": "arn:aws:ec2:us-east-1:737795138174:subnet/subnet-07aea783b11326b5f",
            "assign_ipv6_address_on_creation": false,
            "availability_zone": "us-east-1a",
            "availability_zone_id": "use1-az1",
            "cidr_block": "10.250.1.0/24",
            "customer_owned_ipv4_pool": "",
            "enable_dns64": false,
            "enable_lni_at_device_index": 0,
            "enable_resource_name_dns_a_record_on_launch": false,
            "enable_resource_name_dns_aaaa_record_on_launch": false,
            "id": "subnet-07aea783b11326b5f",
            "ipv6_cidr_block": "",
            "ipv6_cidr_block_association_id": "",
            "ipv6_native": false,
            "map_customer_owned_ip_on_launch": false,
            "map_public_ip_on_launch": true,
            "outpost_arn": "",
            "owner_id": "737795138174",
            "private_dns_hostname_type_on_launch": "ip-name",
            "tags": {
              "Name": "mysubnet7"
            },
            "tags_all": {
              "Name": "mysubnet7"
            },
            "timeouts": null,
            "vpc_id": "vpc-05f8a1553a20d4032"
          },
          "sensitive_attributes": [],
          "private": "eyJlMmJmYjczMC1lY2FhLTExZTYtOGY4OC0zNDM2M2JjN2M0YzAiOnsiY3JlYXRlIjo2MDAwMDAwMDAwMDAsImRlbGV0ZSI6MTIwMDAwMDAwMDAwMH0sInNjaGVtYV92ZXJzaW9uIjoiMSJ9",
          "dependencies": [
            "aws_vpc.myvpc"
          ]
        }
      ]
    },
    {
      "mode": "managed",
      "type": "aws_vpc",
      "name": "myvpc",
      "provider": "provider[\"registry.terraform.io/hashicorp/aws\"]",
      "instances": [
        {
          "schema_version": 1,
          "attributes": {
            "arn": "arn:aws:ec2:us-east-1:737795138174:vpc/vpc-05f8a1553a20d4032",
            "assign_generated_ipv6_cidr_block": false,
            "cidr_block": "10.250.0.0/16",
            "default_network_acl_id": "acl-03d5ca467f7879cdc",
            "default_route_table_id": "rtb-03a734d30f1cdf9a5",
            "default_security_group_id": "sg-019cbc2502e9dc79b",
            "dhcp_options_id": "dopt-0659f97c",
            "enable_dns_hostnames": false,
            "enable_dns_support": true,
            "enable_network_address_usage_metrics": false,
            "id": "vpc-05f8a1553a20d4032",
            "instance_tenancy": "default",
            "ipv4_ipam_pool_id": null,
            "ipv4_netmask_length": null,
            "ipv6_association_id": "",
            "ipv6_cidr_block": "",
            "ipv6_cidr_block_network_border_group": "",
            "ipv6_ipam_pool_id": "",
            "ipv6_netmask_length": 0,
            "main_route_table_id": "rtb-03a734d30f1cdf9a5",
            "owner_id": "737795138174",
            "tags": {
              "Name": "myvpc7"
            },
            "tags_all": {
              "Name": "myvpc7"
            }
          },
          "sensitive_attributes": [],
          "private": "eyJzY2hlbWFfdmVyc2lvbiI6IjEifQ=="
        }
      ]
    },
    {
      "mode": "managed",
      "type": "aws_vpc_security_group_egress_rule",
      "name": "dev-egress",
      "provider": "provider[\"registry.terraform.io/hashicorp/aws\"]",
      "instances": [
        {
          "schema_version": 0,
          "attributes": {
            "arn": "arn:aws:ec2:us-east-1:737795138174:security-group-rule/sgr-09bec5c786d3a3e3e",
            "cidr_ipv4": "0.0.0.0/0",
            "cidr_ipv6": null,
            "description": null,
            "from_port": null,
            "id": "sgr-09bec5c786d3a3e3e",
            "ip_protocol": "-1",
            "prefix_list_id": null,
            "referenced_security_group_id": null,
            "security_group_id": "sg-0a7c7d6bb86ea00fb",
            "security_group_rule_id": "sgr-09bec5c786d3a3e3e",
            "tags": null,
            "tags_all": {},
            "to_port": null
          },
          "sensitive_attributes": [],
          "dependencies": [
            "aws_security_group.dev-sg",
            "aws_vpc.myvpc"
          ]
        }
      ]
    },
    {
      "mode": "managed",
      "type": "aws_vpc_security_group_ingress_rule",
      "name": "dev-ingress-22",
      "provider": "provider[\"registry.terraform.io/hashicorp/aws\"]",
      "instances": [
        {
          "schema_version": 0,
          "attributes": {
            "arn": "arn:aws:ec2:us-east-1:737795138174:security-group-rule/sgr-09afbcd6f85314aeb",
            "cidr_ipv4": "0.0.0.0/0",
            "cidr_ipv6": null,
            "description": null,
            "from_port": 22,
            "id": "sgr-09afbcd6f85314aeb",
            "ip_protocol": "tcp",
            "prefix_list_id": null,
            "referenced_security_group_id": null,
            "security_group_id": "sg-0a7c7d6bb86ea00fb",
            "security_group_rule_id": "sgr-09afbcd6f85314aeb",
            "tags": null,
            "tags_all": {},
            "to_port": 22
          },
          "sensitive_attributes": [],
          "dependencies": [
            "aws_security_group.dev-sg",
            "aws_vpc.myvpc"
          ]
        }
      ]
    },
    {
      "mode": "managed",
      "type": "aws_vpc_security_group_ingress_rule",
      "name": "dev-ingress-80",
      "provider": "provider[\"registry.terraform.io/hashicorp/aws\"]",
      "instances": [
        {
          "schema_version": 0,
          "attributes": {
            "arn": "arn:aws:ec2:us-east-1:737795138174:security-group-rule/sgr-07569ade9f106da22",
            "cidr_ipv4": "0.0.0.0/0",
            "cidr_ipv6": null,
            "description": null,
            "from_port": 80,
            "id": "sgr-07569ade9f106da22",
            "ip_protocol": "tcp",
            "prefix_list_id": null,
            "referenced_security_group_id": null,
            "security_group_id": "sg-0a7c7d6bb86ea00fb",
            "security_group_rule_id": "sgr-07569ade9f106da22",
            "tags": null,
            "tags_all": {},
            "to_port": 80
          },
          "sensitive_attributes": [],
          "dependencies": [
            "aws_security_group.dev-sg",
            "aws_vpc.myvpc"
          ]
        }
      ]
    },
    {
      "mode": "managed",
      "type": "local_file",
      "name": "devk1_pem",
      "provider": "provider[\"registry.terraform.io/hashicorp/local\"]",
      "instances": [
        {
          "schema_version": 0,
          "attributes": {
            "content": "-----BEGIN RSA PRIVATE KEY-----\nMIIEowIBAAKCAQEA+QrPSadNiDWSz6nyT07QTLnbrQcdZH0302eNc1/8jjYYG0cp\na553VGqMb/BrHJn7+TW1SkkWlPamkUgF0weyuyfpsM51yB/KvcWAKqjbqhzp8aI1\nOLuPaMGNmbwWprrmkBHgtzSBHx7CyMDGXfMFxjQVjztPi0SHl6/9OQB8NEJz/W8d\nE3IYHWIrGW80GtThAQth224aHVLBvY7W62euKctb8az/OnFz0HhjTi9rPk6JHLKe\nLjOjEj5UTgzSWKCHKXI+mq3oc+85j0UAXSmt9sI4o+MY+1XoJ7HtBB7zYotQo3vC\n7Gb1ou5Rb09pLHzTOf4mSHsIedrI6f5QpuM7iwIDAQABAoIBAEv2Zh/bLiT74loB\nRm22ZobgsgbnAqoiH6MWFOk6P/jIuzWm0RWIcnGHRmrmdGV2+oqbPT75aC/rxAbQ\nZyZlVLkNhZRuhTKTr+2Ojnd0pfwPcbRIe99gJnAXia941ZfprmYHbfmzxCbP5S4C\nzv7dH8fDH0hfGPYr4wf7oEuAwGHXwSxzjl3ih4yofHDq8rZIypcfILRW0gPgaP4Q\nrMTlwVclBM163+H6x1eNed/kCg2efTXcbVyJynrBwsaj5IaL/toxQY7+Q7Wi6uyl\nmewGSMhHxiH1Im1h2u4mdIlTiwJFFrKS8u+AMROqe4J1aND6Oiv0RYQNIn+qvotu\n9RtjHXECgYEA/MsOEDRoipe8TTyGMorUoR6YFsWraWh/tWtbMgjhX02wFj/vA3nO\nuJYNhn9Q57xKmUI4ZyxGaBEQCg/ADTuKrvBYXedBs6XbadNi9KrHzw8EiBCOKx/k\nU4s3S+6eK1WYWrJe1lJ6I76gKq4ScTJ+FEOc3qNqrilm9w2pZgT6/4cCgYEA/DOS\n1MK/0h+htAt7aeSu6u2R5yAC/93Zxe5XdzkDKty+BEXW6a88cUefh6DEajt/EpsD\ndU+llBQ1Qz71Doo2/ssk19x7dmaRaNPF49KMoj8zmxb9r94akd7gEqDcfyIhLe+O\nHQ4QkWaNUrhQKXSdqKAv7kcOedvl8p3/G1FnPN0CgYEAlkhc7vNJJwN31W7i1M9G\nAxb+EaOn+L1AFulgyMkQuqijw0Z04Fscsw25srijr3B35M7CW0ut+5YRM/oTEYrR\nMpj9361omNVEMJCTpqKUsJrb9cvpyOdnxObhk8mizF5RebHKwZ08sV1VOKpNmnAL\nFh7v9keuVyWT6dF8YIMbeKcCgYAS7PPZz3uBkyoZTrtGKQkPTCCkzXwsI0PSXJ5n\nrfmU39fKjksgYiwQ/CT2kpPqvOg+Ry+tP/rW7+VHVJQjMTALUsdDA6KoMe47hZjW\nDdjL3B5NRx5mci5gP+9ktnmVeMQwpEdv2rxXjPCSAo7RbZTfMJYoNWDauCu7Vyvr\nquIqaQKBgGAdIOPlyENM8456nafNNLDfJAmoAt6D8H7UVGsK6+aTyRnXsY21bidV\nujiUfaaZew8/GxwjJvdKsZ28hwtB5tAC04WaHoXEeA+zKfoiBdYXZRI7zJPLwgnJ\nxzBfvvgWAg/jeT6/o3h3hvdAm7B7naExPEvmUWY84IUmpUExT8DJ\n-----END RSA PRIVATE KEY-----\n",
            "content_base64": null,
            "content_base64sha256": "3rL8+VuRiQYDVi7r1nM9+VfMaGizJYZw+PqRNmxNczM=",
            "content_base64sha512": "ekPWUrOpuiJvELN2kKOOCV1/lKwByPSl7oZFD8/HWxGf8XCXhJz990mXmCYQA8fhdEQ7hHbG7nYrknFEfBcdlQ==",
            "content_md5": "1b9b71ba7230f26392dd216ed8bb1b1e",
            "content_sha1": "9451bc30a9487cf8e877f53199b29888b7d1fcc9",
            "content_sha256": "deb2fcf95b91890603562eebd6733df957cc6868b3258670f8fa91366c4d7333",
            "content_sha512": "7a43d652b3a9ba226f10b37690a38e095d7f94ac01c8f4a5ee86450fcfc75b119ff17097849cfdf7499798261003c7e174443b8476c6ee762b9271447c171d95",
            "directory_permission": "0777",
            "file_permission": "0400",
            "filename": "ec2-dev-250-key.pem",
            "id": "9451bc30a9487cf8e877f53199b29888b7d1fcc9",
            "sensitive_content": null,
            "source": null
          },
          "sensitive_attributes": [
            [
              {
                "type": "get_attr",
                "value": "content"
              }
            ],
            [
              {
                "type": "get_attr",
                "value": "sensitive_content"
              }
            ]
          ],
          "dependencies": [
            "tls_private_key.devk1"
          ]
        }
      ]
    },
    {
      "mode": "managed",
      "type": "tls_private_key",
      "name": "devk1",
      "provider": "provider[\"registry.terraform.io/hashicorp/tls\"]",
      "instances": [
        {
          "schema_version": 1,
          "attributes": {
            "algorithm": "RSA",
            "ecdsa_curve": "P224",
            "id": "acf3d69acb804c69a0832d645bf3aa53e35ba968",
            "private_key_openssh": "-----BEGIN OPENSSH PRIVATE KEY-----\nb3BlbnNzaC1rZXktdjEAAAAABG5vbmUAAAAEbm9uZQAAAAAAAAABAAABFwAAAAdz\nc2gtcnNhAAAAAwEAAQAAAQEA+QrPSadNiDWSz6nyT07QTLnbrQcdZH0302eNc1/8\njjYYG0cpa553VGqMb/BrHJn7+TW1SkkWlPamkUgF0weyuyfpsM51yB/KvcWAKqjb\nqhzp8aI1OLuPaMGNmbwWprrmkBHgtzSBHx7CyMDGXfMFxjQVjztPi0SHl6/9OQB8\nNEJz/W8dE3IYHWIrGW80GtThAQth224aHVLBvY7W62euKctb8az/OnFz0HhjTi9r\nPk6JHLKeLjOjEj5UTgzSWKCHKXI+mq3oc+85j0UAXSmt9sI4o+MY+1XoJ7HtBB7z\nYotQo3vC7Gb1ou5Rb09pLHzTOf4mSHsIedrI6f5QpuM7iwAAA7j5n1Wr+Z9VqwAA\nAAdzc2gtcnNhAAABAQD5Cs9Jp02INZLPqfJPTtBMudutBx1kfTfTZ41zX/yONhgb\nRylrnndUaoxv8Gscmfv5NbVKSRaU9qaRSAXTB7K7J+mwznXIH8q9xYAqqNuqHOnx\nojU4u49owY2ZvBamuuaQEeC3NIEfHsLIwMZd8wXGNBWPO0+LRIeXr/05AHw0QnP9\nbx0TchgdYisZbzQa1OEBC2HbbhodUsG9jtbrZ64py1vxrP86cXPQeGNOL2s+Tokc\nsp4uM6MSPlRODNJYoIcpcj6arehz7zmPRQBdKa32wjij4xj7Vegnse0EHvNii1Cj\ne8LsZvWi7lFvT2ksfNM5/iZIewh52sjp/lCm4zuLAAAAAwEAAQAAAQBL9mYf2y4k\n++JaAUZttmaG4LIG5wKqIh+jFhTpOj/4yLs1ptEViHJxh0Zq5nRldvqKmz0++Wgv\n68QG0GcmZVS5DYWUboUyk6/tjo53dKX8D3G0SHvfYCZwF4mveNWX6a5mB235s8Qm\nz+UuAs7+3R/Hwx9IXxj2K+MH+6BLgMBh18Esc45d4oeMqHxw6vK2SMqXHyC0VtID\n4Gj+EKzE5cFXJQTNet/h+sdXjXnf5AoNnn013G1cicp6wcLGo+SGi/7aMUGO/kO1\nourspZnsBkjIR8Yh9SJtYdruJnSJU4sCRRaykvLvgDETqnuCdWjQ+jor9EWEDSJ/\nqr6LbvUbYx1xAAAAgGAdIOPlyENM8456nafNNLDfJAmoAt6D8H7UVGsK6+aTyRnX\nsY21bidVujiUfaaZew8/GxwjJvdKsZ28hwtB5tAC04WaHoXEeA+zKfoiBdYXZRI7\nzJPLwgnJxzBfvvgWAg/jeT6/o3h3hvdAm7B7naExPEvmUWY84IUmpUExT8DJAAAA\ngQD8yw4QNGiKl7xNPIYyitShHpgWxatpaH+1a1syCOFfTbAWP+8Dec64lg2Gf1Dn\nvEqZQjhnLEZoERAKD8ANO4qu8Fhd50Gzpdtp02L0qsfPDwSIEI4rH+RTizdL7p4r\nVZhasl7WUnojvqAqrhJxMn4UQ5zeo2quKWb3DalmBPr/hwAAAIEA/DOS1MK/0h+h\ntAt7aeSu6u2R5yAC/93Zxe5XdzkDKty+BEXW6a88cUefh6DEajt/EpsDdU+llBQ1\nQz71Doo2/ssk19x7dmaRaNPF49KMoj8zmxb9r94akd7gEqDcfyIhLe+OHQ4QkWaN\nUrhQKXSdqKAv7kcOedvl8p3/G1FnPN0AAAAAAQID\n-----END OPENSSH PRIVATE KEY-----\n",
            "private_key_pem": "-----BEGIN RSA PRIVATE KEY-----\nMIIEowIBAAKCAQEA+QrPSadNiDWSz6nyT07QTLnbrQcdZH0302eNc1/8jjYYG0cp\na553VGqMb/BrHJn7+TW1SkkWlPamkUgF0weyuyfpsM51yB/KvcWAKqjbqhzp8aI1\nOLuPaMGNmbwWprrmkBHgtzSBHx7CyMDGXfMFxjQVjztPi0SHl6/9OQB8NEJz/W8d\nE3IYHWIrGW80GtThAQth224aHVLBvY7W62euKctb8az/OnFz0HhjTi9rPk6JHLKe\nLjOjEj5UTgzSWKCHKXI+mq3oc+85j0UAXSmt9sI4o+MY+1XoJ7HtBB7zYotQo3vC\n7Gb1ou5Rb09pLHzTOf4mSHsIedrI6f5QpuM7iwIDAQABAoIBAEv2Zh/bLiT74loB\nRm22ZobgsgbnAqoiH6MWFOk6P/jIuzWm0RWIcnGHRmrmdGV2+oqbPT75aC/rxAbQ\nZyZlVLkNhZRuhTKTr+2Ojnd0pfwPcbRIe99gJnAXia941ZfprmYHbfmzxCbP5S4C\nzv7dH8fDH0hfGPYr4wf7oEuAwGHXwSxzjl3ih4yofHDq8rZIypcfILRW0gPgaP4Q\nrMTlwVclBM163+H6x1eNed/kCg2efTXcbVyJynrBwsaj5IaL/toxQY7+Q7Wi6uyl\nmewGSMhHxiH1Im1h2u4mdIlTiwJFFrKS8u+AMROqe4J1aND6Oiv0RYQNIn+qvotu\n9RtjHXECgYEA/MsOEDRoipe8TTyGMorUoR6YFsWraWh/tWtbMgjhX02wFj/vA3nO\nuJYNhn9Q57xKmUI4ZyxGaBEQCg/ADTuKrvBYXedBs6XbadNi9KrHzw8EiBCOKx/k\nU4s3S+6eK1WYWrJe1lJ6I76gKq4ScTJ+FEOc3qNqrilm9w2pZgT6/4cCgYEA/DOS\n1MK/0h+htAt7aeSu6u2R5yAC/93Zxe5XdzkDKty+BEXW6a88cUefh6DEajt/EpsD\ndU+llBQ1Qz71Doo2/ssk19x7dmaRaNPF49KMoj8zmxb9r94akd7gEqDcfyIhLe+O\nHQ4QkWaNUrhQKXSdqKAv7kcOedvl8p3/G1FnPN0CgYEAlkhc7vNJJwN31W7i1M9G\nAxb+EaOn+L1AFulgyMkQuqijw0Z04Fscsw25srijr3B35M7CW0ut+5YRM/oTEYrR\nMpj9361omNVEMJCTpqKUsJrb9cvpyOdnxObhk8mizF5RebHKwZ08sV1VOKpNmnAL\nFh7v9keuVyWT6dF8YIMbeKcCgYAS7PPZz3uBkyoZTrtGKQkPTCCkzXwsI0PSXJ5n\nrfmU39fKjksgYiwQ/CT2kpPqvOg+Ry+tP/rW7+VHVJQjMTALUsdDA6KoMe47hZjW\nDdjL3B5NRx5mci5gP+9ktnmVeMQwpEdv2rxXjPCSAo7RbZTfMJYoNWDauCu7Vyvr\nquIqaQKBgGAdIOPlyENM8456nafNNLDfJAmoAt6D8H7UVGsK6+aTyRnXsY21bidV\nujiUfaaZew8/GxwjJvdKsZ28hwtB5tAC04WaHoXEeA+zKfoiBdYXZRI7zJPLwgnJ\nxzBfvvgWAg/jeT6/o3h3hvdAm7B7naExPEvmUWY84IUmpUExT8DJ\n-----END RSA PRIVATE KEY-----\n",
            "private_key_pem_pkcs8": "-----BEGIN PRIVATE KEY-----\nMIIEvQIBADANBgkqhkiG9w0BAQEFAASCBKcwggSjAgEAAoIBAQD5Cs9Jp02INZLP\nqfJPTtBMudutBx1kfTfTZ41zX/yONhgbRylrnndUaoxv8Gscmfv5NbVKSRaU9qaR\nSAXTB7K7J+mwznXIH8q9xYAqqNuqHOnxojU4u49owY2ZvBamuuaQEeC3NIEfHsLI\nwMZd8wXGNBWPO0+LRIeXr/05AHw0QnP9bx0TchgdYisZbzQa1OEBC2HbbhodUsG9\njtbrZ64py1vxrP86cXPQeGNOL2s+Tokcsp4uM6MSPlRODNJYoIcpcj6arehz7zmP\nRQBdKa32wjij4xj7Vegnse0EHvNii1Cje8LsZvWi7lFvT2ksfNM5/iZIewh52sjp\n/lCm4zuLAgMBAAECggEAS/ZmH9suJPviWgFGbbZmhuCyBucCqiIfoxYU6To/+Mi7\nNabRFYhycYdGauZ0ZXb6ips9PvloL+vEBtBnJmVUuQ2FlG6FMpOv7Y6Od3Sl/A9x\ntEh732AmcBeJr3jVl+muZgdt+bPEJs/lLgLO/t0fx8MfSF8Y9ivjB/ugS4DAYdfB\nLHOOXeKHjKh8cOrytkjKlx8gtFbSA+Bo/hCsxOXBVyUEzXrf4frHV4153+QKDZ59\nNdxtXInKesHCxqPkhov+2jFBjv5DtaLq7KWZ7AZIyEfGIfUibWHa7iZ0iVOLAkUW\nspLy74AxE6p7gnVo0Po6K/RFhA0if6q+i271G2MdcQKBgQD8yw4QNGiKl7xNPIYy\nitShHpgWxatpaH+1a1syCOFfTbAWP+8Dec64lg2Gf1DnvEqZQjhnLEZoERAKD8AN\nO4qu8Fhd50Gzpdtp02L0qsfPDwSIEI4rH+RTizdL7p4rVZhasl7WUnojvqAqrhJx\nMn4UQ5zeo2quKWb3DalmBPr/hwKBgQD8M5LUwr/SH6G0C3tp5K7q7ZHnIAL/3dnF\n7ld3OQMq3L4ERdbprzxxR5+HoMRqO38SmwN1T6WUFDVDPvUOijb+yyTX3Ht2ZpFo\n08Xj0oyiPzObFv2v3hqR3uASoNx/IiEt744dDhCRZo1SuFApdJ2ooC/uRw552+Xy\nnf8bUWc83QKBgQCWSFzu80knA3fVbuLUz0YDFv4Ro6f4vUAW6WDIyRC6qKPDRnTg\nWxyzDbmyuKOvcHfkzsJbS637lhEz+hMRitEymP3frWiY1UQwkJOmopSwmtv1y+nI\n52fE5uGTyaLMXlF5scrBnTyxXVU4qk2acAsWHu/2R65XJZPp0Xxggxt4pwKBgBLs\n89nPe4GTKhlOu0YpCQ9MIKTNfCwjQ9Jcnmet+ZTf18qOSyBiLBD8JPaSk+q86D5H\nL60/+tbv5UdUlCMxMAtSx0MDoqgx7juFmNYN2MvcHk1HHmZyLmA/72S2eZV4xDCk\nR2/avFeM8JICjtFtlN8wlig1YNq4K7tXK+uq4ippAoGAYB0g4+XIQ0zzjnqdp800\nsN8kCagC3oPwftRUawrr5pPJGdexjbVuJ1W6OJR9ppl7Dz8bHCMm90qxnbyHC0Hm\n0ALThZoehcR4D7Mp+iIF1hdlEjvMk8vCCcnHMF+++BYCD+N5Pr+jeHeG90CbsHud\noTE8S+ZRZjzghSalQTFPwMk=\n-----END PRIVATE KEY-----\n",
            "public_key_fingerprint_md5": "32:eb:e7:7d:19:15:b8:39:6b:3a:9f:22:e6:38:16:88",
            "public_key_fingerprint_sha256": "SHA256:oCgmny3VzwOaJZXx7keXr+wZKeSLeJegLm0PEQxpaK4",
            "public_key_openssh": "ssh-rsa AAAAB3NzaC1yc2EAAAADAQABAAABAQD5Cs9Jp02INZLPqfJPTtBMudutBx1kfTfTZ41zX/yONhgbRylrnndUaoxv8Gscmfv5NbVKSRaU9qaRSAXTB7K7J+mwznXIH8q9xYAqqNuqHOnxojU4u49owY2ZvBamuuaQEeC3NIEfHsLIwMZd8wXGNBWPO0+LRIeXr/05AHw0QnP9bx0TchgdYisZbzQa1OEBC2HbbhodUsG9jtbrZ64py1vxrP86cXPQeGNOL2s+Tokcsp4uM6MSPlRODNJYoIcpcj6arehz7zmPRQBdKa32wjij4xj7Vegnse0EHvNii1Cje8LsZvWi7lFvT2ksfNM5/iZIewh52sjp/lCm4zuL\n",
            "public_key_pem": "-----BEGIN PUBLIC KEY-----\nMIIBIjANBgkqhkiG9w0BAQEFAAOCAQ8AMIIBCgKCAQEA+QrPSadNiDWSz6nyT07Q\nTLnbrQcdZH0302eNc1/8jjYYG0cpa553VGqMb/BrHJn7+TW1SkkWlPamkUgF0wey\nuyfpsM51yB/KvcWAKqjbqhzp8aI1OLuPaMGNmbwWprrmkBHgtzSBHx7CyMDGXfMF\nxjQVjztPi0SHl6/9OQB8NEJz/W8dE3IYHWIrGW80GtThAQth224aHVLBvY7W62eu\nKctb8az/OnFz0HhjTi9rPk6JHLKeLjOjEj5UTgzSWKCHKXI+mq3oc+85j0UAXSmt\n9sI4o+MY+1XoJ7HtBB7zYotQo3vC7Gb1ou5Rb09pLHzTOf4mSHsIedrI6f5QpuM7\niwIDAQAB\n-----END PUBLIC KEY-----\n",
            "rsa_bits": 2048
          },
          "sensitive_attributes": [
            [
              {
                "type": "get_attr",
                "value": "private_key_pem"
              }
            ],
            [
              {
                "type": "get_attr",
                "value": "private_key_pem_pkcs8"
              }
            ],
            [
              {
                "type": "get_attr",
                "value": "private_key_openssh"
              }
            ]
          ]
        }
      ]
    }
  ],
  "check_results": null
}
